
Microsoft Visual Studio Solution File, Format Version 12.00
# Visual Studio Version 17
VisualStudioVersion = 17.11.35312.102
MinimumVisualStudioVersion = 10.0.40219.1
Project("{FAE04EC0-301F-11D3-BF4B-00C04F79EFBC}") = "WPFTraining", "WPFTraining.csproj", "{A415B202-070A-4C0F-A775-9A4A865526EF}"
EndProject
Global
	GlobalSection(SolutionConfigurationPlatforms) = preSolution
		Debug|Any CPU = Debug|Any CPU
		Release|Any CPU = Release|Any CPU
	EndGlobalSection
	GlobalSection(ProjectConfigurationPlatforms) = postSolution
		{A415B202-070A-4C0F-A775-9A4A865526EF}.Debug|Any CPU.ActiveCfg = Debug|Any CPU
		{A415B202-070A-4C0F-A775-9A4A865526EF}.Debug|Any CPU.Build.0 = Debug|Any CPU
		{A415B202-070A-4C0F-A775-9A4A865526EF}.Release|Any CPU.ActiveCfg = Release|Any CPU
		{A415B202-070A-4C0F-A775-9A4A865526EF}.Release|Any CPU.Build.0 = Release|Any CPU
	EndGlobalSection
	GlobalSection(SolutionProperties) = preSolution
		HideSolutionNode = FALSE
	EndGlobalSection
	GlobalSection(ExtensibilityGlobals) = postSolution
		SolutionGuid = {A419D69D-B36B-4AB0-BDB3-F7A9611CA4BC}
	EndGlobalSection
EndGlobal
